
Microsoft Visual Studio Solution File, Format Version 12.00
# Visual Studio Version 17
VisualStudioVersion = 17.5.33627.172
MinimumVisualStudioVersion = 10.0.40219.1
Project("{FAE04EC0-301F-11D3-BF4B-00C04F79EFBC}") = "GU_C#", "GU_C#\GU_C#.csproj", "{BBDFC4A8-D3E7-4DBA-9FB3-7F36766E2515}"
EndProject
Global
	GlobalSection(SolutionConfigurationPlatforms) = preSolution
		Debug|Any CPU = Debug|Any CPU
		Release|Any CPU = Release|Any CPU
	EndGlobalSection
	GlobalSection(ProjectConfigurationPlatforms) = postSolution
		{BBDFC4A8-D3E7-4DBA-9FB3-7F36766E2515}.Debug|Any CPU.ActiveCfg = Debug|Any CPU
		{BBDFC4A8-D3E7-4DBA-9FB3-7F36766E2515}.Debug|Any CPU.Build.0 = Debug|Any CPU
		{BBDFC4A8-D3E7-4DBA-9FB3-7F36766E2515}.Release|Any CPU.ActiveCfg = Release|Any CPU
		{BBDFC4A8-D3E7-4DBA-9FB3-7F36766E2515}.Release|Any CPU.Build.0 = Release|Any CPU
	EndGlobalSection
	GlobalSection(SolutionProperties) = preSolution
		HideSolutionNode = FALSE
	EndGlobalSection
	GlobalSection(ExtensibilityGlobals) = postSolution
		SolutionGuid = {46B95352-4C67-406C-81AB-29054ED9582C}
	EndGlobalSection
EndGlobal
